
Microsoft Visual Studio Solution File, Format Version 12.00
# Visual Studio Version 17
VisualStudioVersion = 17.2.32616.157
MinimumVisualStudioVersion = 10.0.40219.1
Project("{FAE04EC0-301F-11D3-BF4B-00C04F79EFBC}") = "Presentacion", "Presentacion\Presentacion.csproj", "{083CDE7D-A821-4205-BE77-EE0496F6CABF}"
EndProject
Project("{FAE04EC0-301F-11D3-BF4B-00C04F79EFBC}") = "Modelo", "Modelo\Modelo.csproj", "{3C58C7FB-BE99-4D2C-9B43-66A9E8F091FA}"
EndProject
Project("{FAE04EC0-301F-11D3-BF4B-00C04F79EFBC}") = "Conexion", "Conexion\Conexion.csproj", "{55FA3190-9709-4381-BF8E-58A2B629E5B9}"
EndProject
Project("{FAE04EC0-301F-11D3-BF4B-00C04F79EFBC}") = "Negocio", "Negocio\Negocio.csproj", "{4B9E2552-BB26-42B2-B35F-0DF912253EAC}"
EndProject
Global
	GlobalSection(SolutionConfigurationPlatforms) = preSolution
		Debug|Any CPU = Debug|Any CPU
		Release|Any CPU = Release|Any CPU
	EndGlobalSection
	GlobalSection(ProjectConfigurationPlatforms) = postSolution
		{083CDE7D-A821-4205-BE77-EE0496F6CABF}.Debug|Any CPU.ActiveCfg = Debug|Any CPU
		{083CDE7D-A821-4205-BE77-EE0496F6CABF}.Debug|Any CPU.Build.0 = Debug|Any CPU
		{083CDE7D-A821-4205-BE77-EE0496F6CABF}.Release|Any CPU.ActiveCfg = Release|Any CPU
		{083CDE7D-A821-4205-BE77-EE0496F6CABF}.Release|Any CPU.Build.0 = Release|Any CPU
		{3C58C7FB-BE99-4D2C-9B43-66A9E8F091FA}.Debug|Any CPU.ActiveCfg = Debug|Any CPU
		{3C58C7FB-BE99-4D2C-9B43-66A9E8F091FA}.Debug|Any CPU.Build.0 = Debug|Any CPU
		{3C58C7FB-BE99-4D2C-9B43-66A9E8F091FA}.Release|Any CPU.ActiveCfg = Release|Any CPU
		{3C58C7FB-BE99-4D2C-9B43-66A9E8F091FA}.Release|Any CPU.Build.0 = Release|Any CPU
		{55FA3190-9709-4381-BF8E-58A2B629E5B9}.Debug|Any CPU.ActiveCfg = Debug|Any CPU
		{55FA3190-9709-4381-BF8E-58A2B629E5B9}.Debug|Any CPU.Build.0 = Debug|Any CPU
		{55FA3190-9709-4381-BF8E-58A2B629E5B9}.Release|Any CPU.ActiveCfg = Release|Any CPU
		{55FA3190-9709-4381-BF8E-58A2B629E5B9}.Release|Any CPU.Build.0 = Release|Any CPU
		{4B9E2552-BB26-42B2-B35F-0DF912253EAC}.Debug|Any CPU.ActiveCfg = Debug|Any CPU
		{4B9E2552-BB26-42B2-B35F-0DF912253EAC}.Debug|Any CPU.Build.0 = Debug|Any CPU
		{4B9E2552-BB26-42B2-B35F-0DF912253EAC}.Release|Any CPU.ActiveCfg = Release|Any CPU
		{4B9E2552-BB26-42B2-B35F-0DF912253EAC}.Release|Any CPU.Build.0 = Release|Any CPU
	EndGlobalSection
	GlobalSection(SolutionProperties) = preSolution
		HideSolutionNode = FALSE
	EndGlobalSection
	GlobalSection(ExtensibilityGlobals) = postSolution
		SolutionGuid = {5D8BA416-B0B8-48EE-8DFA-00AB74FF4EF4}
	EndGlobalSection
EndGlobal
